// !$*UTF8*$!
{
	archiveVersion = 1;
	classes = {
	};
	objectVersion = 46;
	objects = {

/* Begin PBXBuildFile section */
		27F2E4122553774B8B8A7C71 /* SignInViewController.m in Sources */ = {isa = PBXBuildFile; fileRef = 27F2E6E13FFBA852B908CA1F /* SignInViewController.m */; };
		27F2EB0A9B80125920563E74 /* SignUpViewController.m in Sources */ = {isa = PBXBuildFile; fileRef = 27F2EDEB19F4843BFB731BA0 /* SignUpViewController.m */; };
		AF1F4C7516B15D9D00331B53 /* SystemConfiguration.framework in Frameworks */ = {isa = PBXBuildFile; fileRef = AFA8E2CE16B15C9D00C4815C /* SystemConfiguration.framework */; };
		AF1F4C7616B15DA200331B53 /* MobileCoreServices.framework in Frameworks */ = {isa = PBXBuildFile; fileRef = AFA8E2CC16B15C9700C4815C /* MobileCoreServices.framework */; };
		AF1F4C7716B15DAA00331B53 /* baas.io.framework in Frameworks */ = {isa = PBXBuildFile; fileRef = AFA8E2DD16B15CB800C4815C /* baas.io.framework */; };
		AF327B75162D2E5400D027D0 /* directory-icon.png in Resources */ = {isa = PBXBuildFile; fileRef = AF327B74162D2E5400D027D0 /* directory-icon.png */; };
		AF3BBE021630F9DC0033DB5B /* DownloadViewController.m in Sources */ = {isa = PBXBuildFile; fileRef = AF3BBE011630F9DC0033DB5B /* DownloadViewController.m */; };
		AF7304C016314CF100CF3488 /* QuickLook.framework in Frameworks */ = {isa = PBXBuildFile; fileRef = AF7304BF16314CF100CF3488 /* QuickLook.framework */; };
		AFB96BA6162D5D2200FE8FC4 /* AssetsLibrary.framework in Frameworks */ = {isa = PBXBuildFile; fileRef = AFB96BA5162D5D2200FE8FC4 /* AssetsLibrary.framework */; };
		AFBFD231162ECB580086B43F /* SettingViewController.m in Sources */ = {isa = PBXBuildFile; fileRef = AFBFD230162ECB580086B43F /* SettingViewController.m */; };
		AFBFD23D162ED0370086B43F /* redButton.png in Resources */ = {isa = PBXBuildFile; fileRef = AFBFD23C162ED0370086B43F /* redButton.png */; };
		AFD432EF1635438C00D62516 /* dropbox.png in Resources */ = {isa = PBXBuildFile; fileRef = AFD432E71635438C00D62516 /* dropbox.png */; };
		AFD432F01635438C00D62516 /* dropbox@2x.png in Resources */ = {isa = PBXBuildFile; fileRef = AFD432E81635438C00D62516 /* dropbox@2x.png */; };
		AFD432F11635438C00D62516 /* setting.png in Resources */ = {isa = PBXBuildFile; fileRef = AFD432E91635438C00D62516 /* setting.png */; };
		AFD432F21635438C00D62516 /* setting@2x.png in Resources */ = {isa = PBXBuildFile; fileRef = AFD432EA1635438C00D62516 /* setting@2x.png */; };
		AFD432F31635438C00D62516 /* star.png in Resources */ = {isa = PBXBuildFile; fileRef = AFD432EB1635438C00D62516 /* star.png */; };
		AFD432F41635438C00D62516 /* star@2x.png in Resources */ = {isa = PBXBuildFile; fileRef = AFD432EC1635438C00D62516 /* star@2x.png */; };
		AFD432F51635438C00D62516 /* upload.png in Resources */ = {isa = PBXBuildFile; fileRef = AFD432ED1635438C00D62516 /* upload.png */; };
		AFD432F61635438C00D62516 /* upload@2x.png in Resources */ = {isa = PBXBuildFile; fileRef = AFD432EE1635438C00D62516 /* upload@2x.png */; };
		AFE81C2A160843E800255D1E /* UIKit.framework in Frameworks */ = {isa = PBXBuildFile; fileRef = AFE81C29160843E800255D1E /* UIKit.framework */; };
		AFE81C2C160843E800255D1E /* Foundation.framework in Frameworks */ = {isa = PBXBuildFile; fileRef = AFE81C2B160843E800255D1E /* Foundation.framework */; };
		AFE81C2E160843E800255D1E /* CoreGraphics.framework in Frameworks */ = {isa = PBXBuildFile; fileRef = AFE81C2D160843E800255D1E /* CoreGraphics.framework */; };
		AFE81C34160843E800255D1E /* InfoPlist.strings in Resources */ = {isa = PBXBuildFile; fileRef = AFE81C32160843E800255D1E /* InfoPlist.strings */; };
		AFE81C36160843E800255D1E /* main.m in Sources */ = {isa = PBXBuildFile; fileRef = AFE81C35160843E800255D1E /* main.m */; };
		AFE81C3A160843E800255D1E /* AppDelegate.m in Sources */ = {isa = PBXBuildFile; fileRef = AFE81C39160843E800255D1E /* AppDelegate.m */; };
		AFE81C3C160843E800255D1E /* Default.png in Resources */ = {isa = PBXBuildFile; fileRef = AFE81C3B160843E800255D1E /* Default.png */; };
		AFE81C3E160843E800255D1E /* Default@2x.png in Resources */ = {isa = PBXBuildFile; fileRef = AFE81C3D160843E800255D1E /* Default@2x.png */; };
		AFE81C40160843E800255D1E /* Default-568h@2x.png in Resources */ = {isa = PBXBuildFile; fileRef = AFE81C3F160843E800255D1E /* Default-568h@2x.png */; };
		AFE81C43160843E800255D1E /* BoxListViewController.m in Sources */ = {isa = PBXBuildFile; fileRef = AFE81C42160843E800255D1E /* BoxListViewController.m */; };
		AFE81C45160843E800255D1E /* first.png in Resources */ = {isa = PBXBuildFile; fileRef = AFE81C44160843E800255D1E /* first.png */; };
		AFE81C4C160843E800255D1E /* second.png in Resources */ = {isa = PBXBuildFile; fileRef = AFE81C4B160843E800255D1E /* second.png */; };
		AFE81C5C160843E800255D1E /* SenTestingKit.framework in Frameworks */ = {isa = PBXBuildFile; fileRef = AFE81C5B160843E800255D1E /* SenTestingKit.framework */; };
		AFE81C5D160843E800255D1E /* UIKit.framework in Frameworks */ = {isa = PBXBuildFile; fileRef = AFE81C29160843E800255D1E /* UIKit.framework */; };
		AFE81C5E160843E800255D1E /* Foundation.framework in Frameworks */ = {isa = PBXBuildFile; fileRef = AFE81C2B160843E800255D1E /* Foundation.framework */; };
		AFE81C66160843E800255D1E /* InfoPlist.strings in Resources */ = {isa = PBXBuildFile; fileRef = AFE81C64160843E800255D1E /* InfoPlist.strings */; };
		AFE81C69160843E800255D1E /* BropBoxTests.m in Sources */ = {isa = PBXBuildFile; fileRef = AFE81C68160843E800255D1E /* BropBoxTests.m */; };
		AFF60657162D3CF200B2B7A9 /* UploadViewController.m in Sources */ = {isa = PBXBuildFile; fileRef = AFF60656162D3CF200B2B7A9 /* UploadViewController.m */; };
		AFFCBB8F162D07EA003E26C2 /* 57x57.png in Resources */ = {isa = PBXBuildFile; fileRef = AFFCBB8E162D07EA003E26C2 /* 57x57.png */; };
		AFFCBB91162D07EE003E26C2 /* 114x114.png in Resources */ = {isa = PBXBuildFile; fileRef = AFFCBB90162D07EE003E26C2 /* 114x114.png */; };
/* End PBXBuildFile section */

/* Begin PBXContainerItemProxy section */
		AFE81C5F160843E800255D1E /* PBXContainerItemProxy */ = {
			isa = PBXContainerItemProxy;
			containerPortal = AFE81C1C160843E800255D1E /* Project object */;
			proxyType = 1;
			remoteGlobalIDString = AFE81C24160843E800255D1E;
			remoteInfo = BropBox;
		};
/* End PBXContainerItemProxy section */

/* Begin PBXFileReference section */
		27F2E394FCAF187CE7018D39 /* SignInViewController.h */ = {isa = PBXFileReference; fileEncoding = 4; lastKnownFileType = sourcecode.c.h; path = SignInViewController.h; sourceTree = "<group>"; };
		27F2E3AF2A87453FA4A5A47F /* UploadViewController.h */ = {isa = PBXFileReference; fileEncoding = 4; lastKnownFileType = sourcecode.c.h; path = UploadViewController.h; sourceTree = "<group>"; };
		27F2E6E13FFBA852B908CA1F /* SignInViewController.m */ = {isa = PBXFileReference; fileEncoding = 4; lastKnownFileType = sourcecode.c.objc; path = SignInViewController.m; sourceTree = "<group>"; };
		27F2EDEB19F4843BFB731BA0 /* SignUpViewController.m */ = {isa = PBXFileReference; fileEncoding = 4; lastKnownFileType = sourcecode.c.objc; path = SignUpViewController.m; sourceTree = "<group>"; };
		27F2EFCC602A77FEFA71A25A /* SignUpViewController.h */ = {isa = PBXFileReference; fileEncoding = 4; lastKnownFileType = sourcecode.c.h; path = SignUpViewController.h; sourceTree = "<group>"; };
		AF327B74162D2E5400D027D0 /* directory-icon.png */ = {isa = PBXFileReference; lastKnownFileType = image.png; path = "directory-icon.png"; sourceTree = "<group>"; };
		AF3BBE011630F9DC0033DB5B /* DownloadViewController.m */ = {isa = PBXFileReference; fileEncoding = 4; lastKnownFileType = sourcecode.c.objc; path = DownloadViewController.m; sourceTree = "<group>"; };
		AF7304BF16314CF100CF3488 /* QuickLook.framework */ = {isa = PBXFileReference; lastKnownFileType = wrapper.framework; name = QuickLook.framework; path = System/Library/Frameworks/QuickLook.framework; sourceTree = SDKROOT; };
		AFA8E2CC16B15C9700C4815C /* MobileCoreServices.framework */ = {isa = PBXFileReference; lastKnownFileType = wrapper.framework; name = MobileCoreServices.framework; path = System/Library/Frameworks/MobileCoreServices.framework; sourceTree = SDKROOT; };
		AFA8E2CE16B15C9D00C4815C /* SystemConfiguration.framework */ = {isa = PBXFileReference; lastKnownFileType = wrapper.framework; name = SystemConfiguration.framework; path = System/Library/Frameworks/SystemConfiguration.framework; sourceTree = SDKROOT; };
		AFA8E2DD16B15CB800C4815C /* baas.io.framework */ = {isa = PBXFileReference; lastKnownFileType = wrapper.framework; path = baas.io.framework; sourceTree = "<group>"; };
		AFB96BA5162D5D2200FE8FC4 /* AssetsLibrary.framework */ = {isa = PBXFileReference; lastKnownFileType = wrapper.framework; name = AssetsLibrary.framework; path = System/Library/Frameworks/AssetsLibrary.framework; sourceTree = SDKROOT; };
		AFBFD22F162ECB580086B43F /* SettingViewController.h */ = {isa = PBXFileReference; fileEncoding = 4; lastKnownFileType = sourcecode.c.h; path = SettingViewController.h; sourceTree = "<group>"; };
		AFBFD230162ECB580086B43F /* SettingViewController.m */ = {isa = PBXFileReference; fileEncoding = 4; lastKnownFileType = sourcecode.c.objc; path = SettingViewController.m; sourceTree = "<group>"; };
		AFBFD23C162ED0370086B43F /* redButton.png */ = {isa = PBXFileReference; lastKnownFileType = image.png; path = redButton.png; sourceTree = "<group>"; };
		AFD432E71635438C00D62516 /* dropbox.png */ = {isa = PBXFileReference; lastKnownFileType = image.png; path = dropbox.png; sourceTree = "<group>"; };
		AFD432E81635438C00D62516 /* dropbox@2x.png */ = {isa = PBXFileReference; lastKnownFileType = image.png; path = "dropbox@2x.png"; sourceTree = "<group>"; };
		AFD432E91635438C00D62516 /* setting.png */ = {isa = PBXFileReference; lastKnownFileType = image.png; path = setting.png; sourceTree = "<group>"; };
		AFD432EA1635438C00D62516 /* setting@2x.png */ = {isa = PBXFileReference; lastKnownFileType = image.png; path = "setting@2x.png"; sourceTree = "<group>"; };
		AFD432EB1635438C00D62516 /* star.png */ = {isa = PBXFileReference; lastKnownFileType = image.png; path = star.png; sourceTree = "<group>"; };
		AFD432EC1635438C00D62516 /* star@2x.png */ = {isa = PBXFileReference; lastKnownFileType = image.png; path = "star@2x.png"; sourceTree = "<group>"; };
		AFD432ED1635438C00D62516 /* upload.png */ = {isa = PBXFileReference; lastKnownFileType = image.png; path = upload.png; sourceTree = "<group>"; };
		AFD432EE1635438C00D62516 /* upload@2x.png */ = {isa = PBXFileReference; lastKnownFileType = image.png; path = "upload@2x.png"; sourceTree = "<group>"; };
		AFE81C25160843E800255D1E /* BropBox.app */ = {isa = PBXFileReference; explicitFileType = wrapper.application; includeInIndex = 0; path = BropBox.app; sourceTree = BUILT_PRODUCTS_DIR; };
		AFE81C29160843E800255D1E /* UIKit.framework */ = {isa = PBXFileReference; lastKnownFileType = wrapper.framework; name = UIKit.framework; path = System/Library/Frameworks/UIKit.framework; sourceTree = SDKROOT; };
		AFE81C2B160843E800255D1E /* Foundation.framework */ = {isa = PBXFileReference; lastKnownFileType = wrapper.framework; name = Foundation.framework; path = System/Library/Frameworks/Foundation.framework; sourceTree = SDKROOT; };
		AFE81C2D160843E800255D1E /* CoreGraphics.framework */ = {isa = PBXFileReference; lastKnownFileType = wrapper.framework; name = CoreGraphics.framework; path = System/Library/Frameworks/CoreGraphics.framework; sourceTree = SDKROOT; };
		AFE81C31160843E800255D1E /* BropBox-Info.plist */ = {isa = PBXFileReference; lastKnownFileType = text.plist.xml; path = "BropBox-Info.plist"; sourceTree = "<group>"; };
		AFE81C33160843E800255D1E /* en */ = {isa = PBXFileReference; lastKnownFileType = text.plist.strings; name = en; path = en.lproj/InfoPlist.strings; sourceTree = "<group>"; };
		AFE81C35160843E800255D1E /* main.m */ = {isa = PBXFileReference; lastKnownFileType = sourcecode.c.objc; path = main.m; sourceTree = "<group>"; };
		AFE81C37160843E800255D1E /* BropBox-Prefix.pch */ = {isa = PBXFileReference; lastKnownFileType = sourcecode.c.h; path = "BropBox-Prefix.pch"; sourceTree = "<group>"; };
		AFE81C38160843E800255D1E /* AppDelegate.h */ = {isa = PBXFileReference; lastKnownFileType = sourcecode.c.h; path = AppDelegate.h; sourceTree = "<group>"; };
		AFE81C39160843E800255D1E /* AppDelegate.m */ = {isa = PBXFileReference; lastKnownFileType = sourcecode.c.objc; path = AppDelegate.m; sourceTree = "<group>"; };
		AFE81C3B160843E800255D1E /* Default.png */ = {isa = PBXFileReference; lastKnownFileType = image.png; path = Default.png; sourceTree = "<group>"; };
		AFE81C3D160843E800255D1E /* Default@2x.png */ = {isa = PBXFileReference; lastKnownFileType = image.png; path = "Default@2x.png"; sourceTree = "<group>"; };
		AFE81C3F160843E800255D1E /* Default-568h@2x.png */ = {isa = PBXFileReference; lastKnownFileType = image.png; path = "Default-568h@2x.png"; sourceTree = "<group>"; };
		AFE81C41160843E800255D1E /* BoxListViewController.h */ = {isa = PBXFileReference; lastKnownFileType = sourcecode.c.h; path = BoxListViewController.h; sourceTree = "<group>"; };
		AFE81C42160843E800255D1E /* BoxListViewController.m */ = {isa = PBXFileReference; lastKnownFileType = sourcecode.c.objc; path = BoxListViewController.m; sourceTree = "<group>"; };
		AFE81C44160843E800255D1E /* first.png */ = {isa = PBXFileReference; lastKnownFileType = image.png; path = first.png; sourceTree = "<group>"; };
		AFE81C48160843E800255D1E /* DownloadViewController.h */ = {isa = PBXFileReference; lastKnownFileType = sourcecode.c.h; path = DownloadViewController.h; sourceTree = "<group>"; };
		AFE81C4B160843E800255D1E /* second.png */ = {isa = PBXFileReference; lastKnownFileType = image.png; path = second.png; sourceTree = "<group>"; };
		AFE81C5A160843E800255D1E /* BropBoxTests.octest */ = {isa = PBXFileReference; explicitFileType = wrapper.cfbundle; includeInIndex = 0; path = BropBoxTests.octest; sourceTree = BUILT_PRODUCTS_DIR; };
		AFE81C5B160843E800255D1E /* SenTestingKit.framework */ = {isa = PBXFileReference; lastKnownFileType = wrapper.framework; name = SenTestingKit.framework; path = Library/Frameworks/SenTestingKit.framework; sourceTree = DEVELOPER_DIR; };
		AFE81C63160843E800255D1E /* BropBoxTests-Info.plist */ = {isa = PBXFileReference; lastKnownFileType = text.plist.xml; path = "BropBoxTests-Info.plist"; sourceTree = "<group>"; };
		AFE81C65160843E800255D1E /* en */ = {isa = PBXFileReference; lastKnownFileType = text.plist.strings; name = en; path = en.lproj/InfoPlist.strings; sourceTree = "<group>"; };
		AFE81C67160843E800255D1E /* BropBoxTests.h */ = {isa = PBXFileReference; lastKnownFileType = sourcecode.c.h; path = BropBoxTests.h; sourceTree = "<group>"; };
		AFE81C68160843E800255D1E /* BropBoxTests.m */ = {isa = PBXFileReference; lastKnownFileType = sourcecode.c.objc; path = BropBoxTests.m; sourceTree = "<group>"; };
		AFF60656162D3CF200B2B7A9 /* UploadViewController.m */ = {isa = PBXFileReference; fileEncoding = 4; lastKnownFileType = sourcecode.c.objc; path = UploadViewController.m; sourceTree = "<group>"; };
		AFFCBB8E162D07EA003E26C2 /* 57x57.png */ = {isa = PBXFileReference; lastKnownFileType = image.png; name = 57x57.png; path = ../57x57.png; sourceTree = "<group>"; };
		AFFCBB90162D07EE003E26C2 /* 114x114.png */ = {isa = PBXFileReference; lastKnownFileType = image.png; name = 114x114.png; path = ../114x114.png; sourceTree = "<group>"; };
/* End PBXFileReference section */

/* Begin PBXFrameworksBuildPhase section */
		AFE81C22160843E800255D1E /* Frameworks */ = {
			isa = PBXFrameworksBuildPhase;
			buildActionMask = 2147483647;
			files = (
				AF1F4C7716B15DAA00331B53 /* baas.io.framework in Frameworks */,
				AF1F4C7616B15DA200331B53 /* MobileCoreServices.framework in Frameworks */,
				AF1F4C7516B15D9D00331B53 /* SystemConfiguration.framework in Frameworks */,
				AF7304C016314CF100CF3488 /* QuickLook.framework in Frameworks */,
				AFB96BA6162D5D2200FE8FC4 /* AssetsLibrary.framework in Frameworks */,
				AFE81C2A160843E800255D1E /* UIKit.framework in Frameworks */,
				AFE81C2C160843E800255D1E /* Foundation.framework in Frameworks */,
				AFE81C2E160843E800255D1E /* CoreGraphics.framework in Frameworks */,
			);
			runOnlyForDeploymentPostprocessing = 0;
		};
		AFE81C56160843E800255D1E /* Frameworks */ = {
			isa = PBXFrameworksBuildPhase;
			buildActionMask = 2147483647;
			files = (
				AFE81C5C160843E800255D1E /* SenTestingKit.framework in Frameworks */,
				AFE81C5D160843E800255D1E /* UIKit.framework in Frameworks */,
				AFE81C5E160843E800255D1E /* Foundation.framework in Frameworks */,
			);
			runOnlyForDeploymentPostprocessing = 0;
		};
/* End PBXFrameworksBuildPhase section */

/* Begin PBXGroup section */
		27F2E1C138FA69CD1D6FCF8D /* Login */ = {
			isa = PBXGroup;
			children = (
				27F2E394FCAF187CE7018D39 /* SignInViewController.h */,
				27F2E6E13FFBA852B908CA1F /* SignInViewController.m */,
				27F2EFCC602A77FEFA71A25A /* SignUpViewController.h */,
				27F2EDEB19F4843BFB731BA0 /* SignUpViewController.m */,
			);
			path = Login;
			sourceTree = "<group>";
		};
		AF327B73162D2E4B00D027D0 /* images */ = {
			isa = PBXGroup;
			children = (
				AFD432E71635438C00D62516 /* dropbox.png */,
				AFD432E81635438C00D62516 /* dropbox@2x.png */,
				AFD432E91635438C00D62516 /* setting.png */,
				AFD432EA1635438C00D62516 /* setting@2x.png */,
				AFD432EB1635438C00D62516 /* star.png */,
				AFD432EC1635438C00D62516 /* star@2x.png */,
				AFD432ED1635438C00D62516 /* upload.png */,
				AFD432EE1635438C00D62516 /* upload@2x.png */,
				AFBFD23C162ED0370086B43F /* redButton.png */,
				AF327B74162D2E5400D027D0 /* directory-icon.png */,
				AFFCBB90162D07EE003E26C2 /* 114x114.png */,
				AFFCBB8E162D07EA003E26C2 /* 57x57.png */,
			);
			name = images;
			sourceTree = "<group>";
		};
		AFE81C1A160843E800255D1E = {
			isa = PBXGroup;
			children = (
				AFE81C2F160843E800255D1E /* BropBox */,
				AFE81C61160843E800255D1E /* BropBoxTests */,
				AFE81C28160843E800255D1E /* Frameworks */,
				AFE81C26160843E800255D1E /* Products */,
			);
			sourceTree = "<group>";
		};
		AFE81C26160843E800255D1E /* Products */ = {
			isa = PBXGroup;
			children = (
				AFE81C25160843E800255D1E /* BropBox.app */,
				AFE81C5A160843E800255D1E /* BropBoxTests.octest */,
			);
			name = Products;
			sourceTree = "<group>";
		};
		AFE81C28160843E800255D1E /* Frameworks */ = {
			isa = PBXGroup;
			children = (
				AFA8E2DD16B15CB800C4815C /* baas.io.framework */,
				AFA8E2CE16B15C9D00C4815C /* SystemConfiguration.framework */,
				AFA8E2CC16B15C9700C4815C /* MobileCoreServices.framework */,
				AF7304BF16314CF100CF3488 /* QuickLook.framework */,
				AFB96BA5162D5D2200FE8FC4 /* AssetsLibrary.framework */,
				AFE81C29160843E800255D1E /* UIKit.framework */,
				AFE81C2B160843E800255D1E /* Foundation.framework */,
				AFE81C2D160843E800255D1E /* CoreGraphics.framework */,
				AFE81C5B160843E800255D1E /* SenTestingKit.framework */,
			);
			name = Frameworks;
			sourceTree = "<group>";
		};
		AFE81C2F160843E800255D1E /* BropBox */ = {
			isa = PBXGroup;
			children = (
				AF327B73162D2E4B00D027D0 /* images */,
				AFE81C38160843E800255D1E /* AppDelegate.h */,
				AFE81C39160843E800255D1E /* AppDelegate.m */,
				AFE81C41160843E800255D1E /* BoxListViewController.h */,
				AFE81C42160843E800255D1E /* BoxListViewController.m */,
				AFE81C44160843E800255D1E /* first.png */,
				AFE81C48160843E800255D1E /* DownloadViewController.h */,
				AF3BBE011630F9DC0033DB5B /* DownloadViewController.m */,
				AFE81C4B160843E800255D1E /* second.png */,
				AFE81C30160843E800255D1E /* Supporting Files */,
				27F2E1C138FA69CD1D6FCF8D /* Login */,
				27F2E3AF2A87453FA4A5A47F /* UploadViewController.h */,
				AFF60656162D3CF200B2B7A9 /* UploadViewController.m */,
				AFBFD22F162ECB580086B43F /* SettingViewController.h */,
				AFBFD230162ECB580086B43F /* SettingViewController.m */,
			);
			path = BropBox;
			sourceTree = "<group>";
		};
		AFE81C30160843E800255D1E /* Supporting Files */ = {
			isa = PBXGroup;
			children = (
				AFE81C31160843E800255D1E /* BropBox-Info.plist */,
				AFE81C32160843E800255D1E /* InfoPlist.strings */,
				AFE81C35160843E800255D1E /* main.m */,
				AFE81C37160843E800255D1E /* BropBox-Prefix.pch */,
				AFE81C3B160843E800255D1E /* Default.png */,
				AFE81C3D160843E800255D1E /* Default@2x.png */,
				AFE81C3F160843E800255D1E /* Default-568h@2x.png */,
			);
			name = "Supporting Files";
			sourceTree = "<group>";
		};
		AFE81C61160843E800255D1E /* BropBoxTests */ = {
			isa = PBXGroup;
			children = (
				AFE81C67160843E800255D1E /* BropBoxTests.h */,
				AFE81C68160843E800255D1E /* BropBoxTests.m */,
				AFE81C62160843E800255D1E /* Supporting Files */,
			);
			path = BropBoxTests;
			sourceTree = "<group>";
		};
		AFE81C62160843E800255D1E /* Supporting Files */ = {
			isa = PBXGroup;
			children = (
				AFE81C63160843E800255D1E /* BropBoxTests-Info.plist */,
				AFE81C64160843E800255D1E /* InfoPlist.strings */,
			);
			name = "Supporting Files";
			sourceTree = "<group>";
		};
/* End PBXGroup section */

/* Begin PBXNativeTarget section */
		AFE81C24160843E800255D1E /* BropBox */ = {
			isa = PBXNativeTarget;
			buildConfigurationList = AFE81C6C160843E800255D1E /* Build configuration list for PBXNativeTarget "BropBox" */;
			buildPhases = (
				AFE81C21160843E800255D1E /* Sources */,
				AFE81C22160843E800255D1E /* Frameworks */,
				AFE81C23160843E800255D1E /* Resources */,
			);
			buildRules = (
			);
			dependencies = (
			);
			name = BropBox;
			productName = BropBox;
			productReference = AFE81C25160843E800255D1E /* BropBox.app */;
			productType = "com.apple.product-type.application";
		};
		AFE81C59160843E800255D1E /* BropBoxTests */ = {
			isa = PBXNativeTarget;
			buildConfigurationList = AFE81C6F160843E800255D1E /* Build configuration list for PBXNativeTarget "BropBoxTests" */;
			buildPhases = (
				AFE81C55160843E800255D1E /* Sources */,
				AFE81C56160843E800255D1E /* Frameworks */,
				AFE81C57160843E800255D1E /* Resources */,
				AFE81C58160843E800255D1E /* ShellScript */,
			);
			buildRules = (
			);
			dependencies = (
				AFE81C60160843E800255D1E /* PBXTargetDependency */,
			);
			name = BropBoxTests;
			productName = BropBoxTests;
			productReference = AFE81C5A160843E800255D1E /* BropBoxTests.octest */;
			productType = "com.apple.product-type.bundle";
		};
/* End PBXNativeTarget section */

/* Begin PBXProject section */
		AFE81C1C160843E800255D1E /* Project object */ = {
			isa = PBXProject;
			attributes = {
				LastUpgradeCheck = 0450;
				ORGANIZATIONNAME = kth;
			};
			buildConfigurationList = AFE81C1F160843E800255D1E /* Build configuration list for PBXProject "BropBox" */;
			compatibilityVersion = "Xcode 3.2";
			developmentRegion = English;
			hasScannedForEncodings = 0;
			knownRegions = (
				en,
			);
			mainGroup = AFE81C1A160843E800255D1E;
			productRefGroup = AFE81C26160843E800255D1E /* Products */;
			projectDirPath = "";
			projectRoot = "";
			targets = (
				AFE81C24160843E800255D1E /* BropBox */,
				AFE81C59160843E800255D1E /* BropBoxTests */,
			);
		};
/* End PBXProject section */

/* Begin PBXResourcesBuildPhase section */
		AFE81C23160843E800255D1E /* Resources */ = {
			isa = PBXResourcesBuildPhase;
			buildActionMask = 2147483647;
			files = (
				AFE81C34160843E800255D1E /* InfoPlist.strings in Resources */,
				AFE81C3C160843E800255D1E /* Default.png in Resources */,
				AFE81C3E160843E800255D1E /* Default@2x.png in Resources */,
				AFE81C40160843E800255D1E /* Default-568h@2x.png in Resources */,
				AFE81C45160843E800255D1E /* first.png in Resources */,
				AFE81C4C160843E800255D1E /* second.png in Resources */,
				AFFCBB8F162D07EA003E26C2 /* 57x57.png in Resources */,
				AFFCBB91162D07EE003E26C2 /* 114x114.png in Resources */,
				AF327B75162D2E5400D027D0 /* directory-icon.png in Resources */,
				AFBFD23D162ED0370086B43F /* redButton.png in Resources */,
				AFD432EF1635438C00D62516 /* dropbox.png in Resources */,
				AFD432F01635438C00D62516 /* dropbox@2x.png in Resources */,
				AFD432F11635438C00D62516 /* setting.png in Resources */,
				AFD432F21635438C00D62516 /* setting@2x.png in Resources */,
				AFD432F31635438C00D62516 /* star.png in Resources */,
				AFD432F41635438C00D62516 /* star@2x.png in Resources */,
				AFD432F51635438C00D62516 /* upload.png in Resources */,
				AFD432F61635438C00D62516 /* upload@2x.png in Resources */,
			);
			runOnlyForDeploymentPostprocessing = 0;
		};
		AFE81C57160843E800255D1E /* Resources */ = {
			isa = PBXResourcesBuildPhase;
			buildActionMask = 2147483647;
			files = (
				AFE81C66160843E800255D1E /* InfoPlist.strings in Resources */,
			);
			runOnlyForDeploymentPostprocessing = 0;
		};
/* End PBXResourcesBuildPhase section */

/* Begin PBXShellScriptBuildPhase section */
		AFE81C58160843E800255D1E /* ShellScript */ = {
			isa = PBXShellScriptBuildPhase;
			buildActionMask = 2147483647;
			files = (
			);
			inputPaths = (
			);
			outputPaths = (
			);
			runOnlyForDeploymentPostprocessing = 0;
			shellPath = /bin/sh;
			shellScript = "# Run the unit tests in this test bundle.\n\"${SYSTEM_DEVELOPER_DIR}/Tools/RunUnitTests\"\n";
		};
/* End PBXShellScriptBuildPhase section */

/* Begin PBXSourcesBuildPhase section */
		AFE81C21160843E800255D1E /* Sources */ = {
			isa = PBXSourcesBuildPhase;
			buildActionMask = 2147483647;
			files = (
				AFE81C36160843E800255D1E /* main.m in Sources */,
				AFE81C3A160843E800255D1E /* AppDelegate.m in Sources */,
				AFE81C43160843E800255D1E /* BoxListViewController.m in Sources */,
				27F2E4122553774B8B8A7C71 /* SignInViewController.m in Sources */,
				27F2EB0A9B80125920563E74 /* SignUpViewController.m in Sources */,
				AFF60657162D3CF200B2B7A9 /* UploadViewController.m in Sources */,
				AFBFD231162ECB580086B43F /* SettingViewController.m in Sources */,
				AF3BBE021630F9DC0033DB5B /* DownloadViewController.m in Sources */,
			);
			runOnlyForDeploymentPostprocessing = 0;
		};
		AFE81C55160843E800255D1E /* Sources */ = {
			isa = PBXSourcesBuildPhase;
			buildActionMask = 2147483647;
			files = (
				AFE81C69160843E800255D1E /* BropBoxTests.m in Sources */,
			);
			runOnlyForDeploymentPostprocessing = 0;
		};
/* End PBXSourcesBuildPhase section */

/* Begin PBXTargetDependency section */
		AFE81C60160843E800255D1E /* PBXTargetDependency */ = {
			isa = PBXTargetDependency;
			target = AFE81C24160843E800255D1E /* BropBox */;
			targetProxy = AFE81C5F160843E800255D1E /* PBXContainerItemProxy */;
		};
/* End PBXTargetDependency section */

/* Begin PBXVariantGroup section */
		AFE81C32160843E800255D1E /* InfoPlist.strings */ = {
			isa = PBXVariantGroup;
			children = (
				AFE81C33160843E800255D1E /* en */,
			);
			name = InfoPlist.strings;
			sourceTree = "<group>";
		};
		AFE81C64160843E800255D1E /* InfoPlist.strings */ = {
			isa = PBXVariantGroup;
			children = (
				AFE81C65160843E800255D1E /* en */,
			);
			name = InfoPlist.strings;
			sourceTree = "<group>";
		};
/* End PBXVariantGroup section */

/* Begin XCBuildConfiguration section */
		AFE81C6A160843E800255D1E /* Debug */ = {
			isa = XCBuildConfiguration;
			buildSettings = {
				ALWAYS_SEARCH_USER_PATHS = NO;
				CLANG_CXX_LANGUAGE_STANDARD = "gnu++0x";
				CLANG_CXX_LIBRARY = "libc++";
				CLANG_ENABLE_OBJC_ARC = YES;
				CLANG_WARN_EMPTY_BODY = YES;
				CLANG_WARN__DUPLICATE_METHOD_MATCH = YES;
				CODE_SIGN_IDENTITY = "iPhone Distribution: KT Hitel Co., Ltd.";
				"CODE_SIGN_IDENTITY[sdk=iphoneos*]" = "iPhone Distribution: KT Hitel Co., Ltd.";
				COPY_PHASE_STRIP = NO;
				GCC_C_LANGUAGE_STANDARD = gnu99;
				GCC_DYNAMIC_NO_PIC = NO;
				GCC_OPTIMIZATION_LEVEL = 0;
				GCC_PREPROCESSOR_DEFINITIONS = (
					"DEBUG=1",
					"$(inherited)",
				);
				GCC_SYMBOLS_PRIVATE_EXTERN = NO;
				GCC_WARN_ABOUT_RETURN_TYPE = YES;
				GCC_WARN_UNINITIALIZED_AUTOS = YES;
				GCC_WARN_UNUSED_VARIABLE = YES;
				IPHONEOS_DEPLOYMENT_TARGET = 6.0;
				PROVISIONING_PROFILE = "5DBFFDB3-FC94-44EB-BB55-18FBCD8411F9";
				"PROVISIONING_PROFILE[sdk=iphoneos*]" = "5DBFFDB3-FC94-44EB-BB55-18FBCD8411F9";
				SDKROOT = iphoneos;
			};
			name = Debug;
		};
		AFE81C6B160843E800255D1E /* Release */ = {
			isa = XCBuildConfiguration;
			buildSettings = {
				ALWAYS_SEARCH_USER_PATHS = NO;
				CLANG_CXX_LANGUAGE_STANDARD = "gnu++0x";
				CLANG_CXX_LIBRARY = "libc++";
				CLANG_ENABLE_OBJC_ARC = YES;
				CLANG_WARN_EMPTY_BODY = YES;
				CLANG_WARN__DUPLICATE_METHOD_MATCH = YES;
				CODE_SIGN_IDENTITY = "iPhone Distribution: KT Hitel Co., Ltd.";
				"CODE_SIGN_IDENTITY[sdk=iphoneos*]" = "iPhone Distribution: KT Hitel Co., Ltd.";
				COPY_PHASE_STRIP = YES;
				GCC_C_LANGUAGE_STANDARD = gnu99;
				GCC_WARN_ABOUT_RETURN_TYPE = YES;
				GCC_WARN_UNINITIALIZED_AUTOS = YES;
				GCC_WARN_UNUSED_VARIABLE = YES;
				IPHONEOS_DEPLOYMENT_TARGET = 6.0;
				OTHER_CFLAGS = "-DNS_BLOCK_ASSERTIONS=1";
				PROVISIONING_PROFILE = "5DBFFDB3-FC94-44EB-BB55-18FBCD8411F9";
				"PROVISIONING_PROFILE[sdk=iphoneos*]" = "5DBFFDB3-FC94-44EB-BB55-18FBCD8411F9";
				SDKROOT = iphoneos;
				VALIDATE_PRODUCT = YES;
			};
			name = Release;
		};
		AFE81C6D160843E800255D1E /* Debug */ = {
			isa = XCBuildConfiguration;
			buildSettings = {
				ARCHS = (
					"$(ARCHS_STANDARD_32_BIT)",
					armv6,
				);
				CODE_SIGN_IDENTITY = "iPhone Developer";
				"CODE_SIGN_IDENTITY[sdk=iphoneos*]" = "iPhone Developer";
				FRAMEWORK_SEARCH_PATHS = (
					"$(inherited)",
					"\"$(SRCROOT)\"",
				);
				GCC_PRECOMPILE_PREFIX_HEADER = YES;
				GCC_PREFIX_HEADER = "BropBox/BropBox-Prefix.pch";
				HEADER_SEARCH_PATHS = "$(BUILT_PRODUCTS_DIR)/include/**";
				INFOPLIST_FILE = "BropBox/BropBox-Info.plist";
				IPHONEOS_DEPLOYMENT_TARGET = 5.0;
				ONLY_ACTIVE_ARCH = NO;
				OTHER_LDFLAGS = (
					"-ObjC",
					"-all_load",
				);
				PRODUCT_NAME = "$(TARGET_NAME)";
				PROVISIONING_PROFILE = "";
				"PROVISIONING_PROFILE[sdk=iphoneos*]" = "";
				WRAPPER_EXTENSION = app;
			};
			name = Debug;
		};
		AFE81C6E160843E800255D1E /* Release */ = {
			isa = XCBuildConfiguration;
			buildSettings = {
				ARCHS = (
					"$(ARCHS_STANDARD_32_BIT)",
					armv6,
				);
				CODE_SIGN_IDENTITY = "iPhone Distribution";
				"CODE_SIGN_IDENTITY[sdk=iphoneos*]" = "iPhone Distribution";
				FRAMEWORK_SEARCH_PATHS = (
					"$(inherited)",
					"\"$(SRCROOT)\"",
				);
				GCC_PRECOMPILE_PREFIX_HEADER = YES;
				GCC_PREFIX_HEADER = "BropBox/BropBox-Prefix.pch";
				HEADER_SEARCH_PATHS = "$(BUILT_PRODUCTS_DIR)/include/**";
				INFOPLIST_FILE = "BropBox/BropBox-Info.plist";
				IPHONEOS_DEPLOYMENT_TARGET = 5.0;
				ONLY_ACTIVE_ARCH = NO;
				OTHER_LDFLAGS = (
					"-ObjC",
					"-all_load",
				);
				PRODUCT_NAME = "$(TARGET_NAME)";
				PROVISIONING_PROFILE = "";
				"PROVISIONING_PROFILE[sdk=iphoneos*]" = "";
				WRAPPER_EXTENSION = app;
			};
			name = Release;
		};
		AFE81C70160843E800255D1E /* Debug */ = {
			isa = XCBuildConfiguration;
			buildSettings = {
				BUNDLE_LOADER = "$(BUILT_PRODUCTS_DIR)/BropBox.app/BropBox";
				FRAMEWORK_SEARCH_PATHS = (
					"\"$(SDKROOT)/Developer/Library/Frameworks\"",
					"\"$(DEVELOPER_LIBRARY_DIR)/Frameworks\"",
					"\"$(SRCROOT)\"",
				);
				GCC_PRECOMPILE_PREFIX_HEADER = YES;
				GCC_PREFIX_HEADER = "BropBox/BropBox-Prefix.pch";
				INFOPLIST_FILE = "BropBoxTests/BropBoxTests-Info.plist";
				OTHER_LDFLAGS = "";
				PRODUCT_NAME = "$(TARGET_NAME)";
				TEST_HOST = "$(BUNDLE_LOADER)";
				WRAPPER_EXTENSION = octest;
			};
			name = Debug;
		};
		AFE81C71160843E800255D1E /* Release */ = {
			isa = XCBuildConfiguration;
			buildSettings = {
				BUNDLE_LOADER = "$(BUILT_PRODUCTS_DIR)/BropBox.app/BropBox";
				FRAMEWORK_SEARCH_PATHS = (
					"\"$(SDKROOT)/Developer/Library/Frameworks\"",
					"\"$(DEVELOPER_LIBRARY_DIR)/Frameworks\"",
					"\"$(SRCROOT)\"",
				);
				GCC_PRECOMPILE_PREFIX_HEADER = YES;
				GCC_PREFIX_HEADER = "BropBox/BropBox-Prefix.pch";
				INFOPLIST_FILE = "BropBoxTests/BropBoxTests-Info.plist";
				OTHER_LDFLAGS = "";
				PRODUCT_NAME = "$(TARGET_NAME)";
				TEST_HOST = "$(BUNDLE_LOADER)";
				WRAPPER_EXTENSION = octest;
			};
			name = Release;
		};
/* End XCBuildConfiguration section */

/* Begin XCConfigurationList section */
		AFE81C1F160843E800255D1E /* Build configuration list for PBXProject "BropBox" */ = {
			isa = XCConfigurationList;
			buildConfigurations = (
				AFE81C6A160843E800255D1E /* Debug */,
				AFE81C6B160843E800255D1E /* Release */,
			);
			defaultConfigurationIsVisible = 0;
			defaultConfigurationName = Release;
		};
		AFE81C6C160843E800255D1E /* Build configuration list for PBXNativeTarget "BropBox" */ = {
			isa = XCConfigurationList;
			buildConfigurations = (
				AFE81C6D160843E800255D1E /* Debug */,
				AFE81C6E160843E800255D1E /* Release */,
			);
			defaultConfigurationIsVisible = 0;
			defaultConfigurationName = Release;
		};
		AFE81C6F160843E800255D1E /* Build configuration list for PBXNativeTarget "BropBoxTests" */ = {
			isa = XCConfigurationList;
			buildConfigurations = (
				AFE81C70160843E800255D1E /* Debug */,
				AFE81C71160843E800255D1E /* Release */,
			);
			defaultConfigurationIsVisible = 0;
			defaultConfigurationName = Release;
		};
/* End XCConfigurationList section */
	};
	rootObject = AFE81C1C160843E800255D1E /* Project object */;
}
